
Microsoft Visual Studio Solution File, Format Version 12.00
# Visual Studio 15
VisualStudioVersion = 15.0.27130.2020
MinimumVisualStudioVersion = 10.0.40219.1
Project("{FAE04EC0-301F-11D3-BF4B-00C04F79EFBC}") = "WebLojaVirtual", "WebLojaVirtual\WebLojaVirtual.csproj", "{00B479AA-B144-4DCD-B082-70CAE138314B}"
EndProject
Project("{FAE04EC0-301F-11D3-BF4B-00C04F79EFBC}") = "UnitLojaVirtual", "UnitLojaVirtual\UnitLojaVirtual.csproj", "{4141E1B6-AFF2-407A-AA9A-9D25FC3C5662}"
EndProject
Project("{FAE04EC0-301F-11D3-BF4B-00C04F79EFBC}") = "ClassLojaVirtual", "ClassLojaVirtual\ClassLojaVirtual.csproj", "{817681E9-0D91-47A6-A142-E8CAA0C812CC}"
EndProject
Global
	GlobalSection(SolutionConfigurationPlatforms) = preSolution
		Debug|Any CPU = Debug|Any CPU
		Release|Any CPU = Release|Any CPU
	EndGlobalSection
	GlobalSection(ProjectConfigurationPlatforms) = postSolution
		{00B479AA-B144-4DCD-B082-70CAE138314B}.Debug|Any CPU.ActiveCfg = Debug|Any CPU
		{00B479AA-B144-4DCD-B082-70CAE138314B}.Debug|Any CPU.Build.0 = Debug|Any CPU
		{00B479AA-B144-4DCD-B082-70CAE138314B}.Release|Any CPU.ActiveCfg = Release|Any CPU
		{00B479AA-B144-4DCD-B082-70CAE138314B}.Release|Any CPU.Build.0 = Release|Any CPU
		{4141E1B6-AFF2-407A-AA9A-9D25FC3C5662}.Debug|Any CPU.ActiveCfg = Debug|Any CPU
		{4141E1B6-AFF2-407A-AA9A-9D25FC3C5662}.Debug|Any CPU.Build.0 = Debug|Any CPU
		{4141E1B6-AFF2-407A-AA9A-9D25FC3C5662}.Release|Any CPU.ActiveCfg = Release|Any CPU
		{4141E1B6-AFF2-407A-AA9A-9D25FC3C5662}.Release|Any CPU.Build.0 = Release|Any CPU
		{817681E9-0D91-47A6-A142-E8CAA0C812CC}.Debug|Any CPU.ActiveCfg = Debug|Any CPU
		{817681E9-0D91-47A6-A142-E8CAA0C812CC}.Debug|Any CPU.Build.0 = Debug|Any CPU
		{817681E9-0D91-47A6-A142-E8CAA0C812CC}.Release|Any CPU.ActiveCfg = Release|Any CPU
		{817681E9-0D91-47A6-A142-E8CAA0C812CC}.Release|Any CPU.Build.0 = Release|Any CPU
	EndGlobalSection
	GlobalSection(SolutionProperties) = preSolution
		HideSolutionNode = FALSE
	EndGlobalSection
	GlobalSection(ExtensibilityGlobals) = postSolution
		SolutionGuid = {54E1D098-4026-463F-BD40-262FEF2F02AA}
	EndGlobalSection
EndGlobal
